Microsoft Visual Studio Solution File, Format Version 11.00
# Visual Studio 2013
Project("{29E2157A-934E-1C7C-829C-8542F9F7F4DC}") = "Chaser", "Chaser.vcxproj", "{5BBD7AF8-D73A-673F-30F6-E81C2DC55268}"
EndProject
Global
	GlobalSection(SolutionConfigurationPlatforms) = preSolution
		Debug|x64 = Debug|x64
		Release|x64 = Release|x64
	EndGlobalSection
	GlobalSection(ProjectConfigurationPlatforms) = postSolution
		{5BBD7AF8-D73A-673F-30F6-E81C2DC55268}.Debug|x64.ActiveCfg = Debug|x64
		{5BBD7AF8-D73A-673F-30F6-E81C2DC55268}.Debug|x64.Build.0 = Debug|x64
		{5BBD7AF8-D73A-673F-30F6-E81C2DC55268}.Release|x64.ActiveCfg = Release|x64
		{5BBD7AF8-D73A-673F-30F6-E81C2DC55268}.Release|x64.Build.0 = Release|x64
	EndGlobalSection
	GlobalSection(SolutionProperties) = preSolution
		HideSolutionNode = FALSE
	EndGlobalSection
EndGlobal
